
Microsoft Visual Studio Solution File, Format Version 12.00
# Visual Studio Version 17
VisualStudioVersion = 17.8.34330.188
MinimumVisualStudioVersion = 10.0.40219.1
Project("{9A19103F-16F7-4668-BE54-9A1E7A4F7556}") = "Core", "Core\Core.csproj", "{69D4899A-EF96-4099-86F5-F37C0F762B5D}"
EndProject
Project("{9A19103F-16F7-4668-BE54-9A1E7A4F7556}") = "Data", "Data\Data.csproj", "{D9204D9E-83F6-4A7F-AF27-3F2E385C8257}"
EndProject
Project("{9A19103F-16F7-4668-BE54-9A1E7A4F7556}") = "WebDiningRoom", "WebDiningRoom\WebDiningRoom.csproj", "{2A0AD6E1-9E04-45A9-B3D3-1E16C112283C}"
EndProject
Global
	GlobalSection(SolutionConfigurationPlatforms) = preSolution
		Debug|Any CPU = Debug|Any CPU
		Release|Any CPU = Release|Any CPU
	EndGlobalSection
	GlobalSection(ProjectConfigurationPlatforms) = postSolution
		{69D4899A-EF96-4099-86F5-F37C0F762B5D}.Debug|Any CPU.ActiveCfg = Debug|Any CPU
		{69D4899A-EF96-4099-86F5-F37C0F762B5D}.Debug|Any CPU.Build.0 = Debug|Any CPU
		{69D4899A-EF96-4099-86F5-F37C0F762B5D}.Release|Any CPU.ActiveCfg = Release|Any CPU
		{69D4899A-EF96-4099-86F5-F37C0F762B5D}.Release|Any CPU.Build.0 = Release|Any CPU
		{D9204D9E-83F6-4A7F-AF27-3F2E385C8257}.Debug|Any CPU.ActiveCfg = Debug|Any CPU
		{D9204D9E-83F6-4A7F-AF27-3F2E385C8257}.Debug|Any CPU.Build.0 = Debug|Any CPU
		{D9204D9E-83F6-4A7F-AF27-3F2E385C8257}.Release|Any CPU.ActiveCfg = Release|Any CPU
		{D9204D9E-83F6-4A7F-AF27-3F2E385C8257}.Release|Any CPU.Build.0 = Release|Any CPU
		{2A0AD6E1-9E04-45A9-B3D3-1E16C112283C}.Debug|Any CPU.ActiveCfg = Debug|Any CPU
		{2A0AD6E1-9E04-45A9-B3D3-1E16C112283C}.Debug|Any CPU.Build.0 = Debug|Any CPU
		{2A0AD6E1-9E04-45A9-B3D3-1E16C112283C}.Release|Any CPU.ActiveCfg = Release|Any CPU
		{2A0AD6E1-9E04-45A9-B3D3-1E16C112283C}.Release|Any CPU.Build.0 = Release|Any CPU
	EndGlobalSection
	GlobalSection(SolutionProperties) = preSolution
		HideSolutionNode = FALSE
	EndGlobalSection
	GlobalSection(ExtensibilityGlobals) = postSolution
		SolutionGuid = {9F914B11-BE06-4EA2-BBDF-7BC4BEEE1C05}
	EndGlobalSection
EndGlobal
